
Microsoft Visual Studio Solution File, Format Version 12.00
# Visual Studio Version 16
VisualStudioVersion = 16.0.28729.10
MinimumVisualStudioVersion = 10.0.40219.1
Project("{FAE04EC0-301F-11D3-BF4B-00C04F79EFBC}") = "MovieApplication", "MovieApplication\MovieApplication.csproj", "{A027BB78-1A4C-45F9-A4F8-14DD727BE1AA}"
EndProject
Global
	GlobalSection(SolutionConfigurationPlatforms) = preSolution
		Debug|Any CPU = Debug|Any CPU
		Release|Any CPU = Release|Any CPU
	EndGlobalSection
	GlobalSection(ProjectConfigurationPlatforms) = postSolution
		{A027BB78-1A4C-45F9-A4F8-14DD727BE1AA}.Debug|Any CPU.ActiveCfg = Debug|Any CPU
		{A027BB78-1A4C-45F9-A4F8-14DD727BE1AA}.Debug|Any CPU.Build.0 = Debug|Any CPU
		{A027BB78-1A4C-45F9-A4F8-14DD727BE1AA}.Release|Any CPU.ActiveCfg = Release|Any CPU
		{A027BB78-1A4C-45F9-A4F8-14DD727BE1AA}.Release|Any CPU.Build.0 = Release|Any CPU
	EndGlobalSection
	GlobalSection(SolutionProperties) = preSolution
		HideSolutionNode = FALSE
	EndGlobalSection
	GlobalSection(ExtensibilityGlobals) = postSolution
		SolutionGuid = {C8343B1E-02B3-4297-A614-6CA23A90BD7F}
	EndGlobalSection
EndGlobal
